// !$*UTF8*$!
{
	archiveVersion = 1;
	classes = {
	};
	objectVersion = 46;
	objects = {

/* Begin PBXBuildFile section */
		211281931C323A2B003E8563 /* main.m in Sources */ = {isa = PBXBuildFile; fileRef = 211281921C323A2B003E8563 /* main.m */; };
		211281961C323A2B003E8563 /* AppDelegate.m in Sources */ = {isa = PBXBuildFile; fileRef = 211281951C323A2B003E8563 /* AppDelegate.m */; };
		211281991C323A2B003E8563 /* ViewController.m in Sources */ = {isa = PBXBuildFile; fileRef = 211281981C323A2B003E8563 /* ViewController.m */; };
		2112819C1C323A2B003E8563 /* Main.storyboard in Resources */ = {isa = PBXBuildFile; fileRef = 2112819A1C323A2B003E8563 /* Main.storyboard */; };
		2112819E1C323A2B003E8563 /* Assets.xcassets in Resources */ = {isa = PBXBuildFile; fileRef = 2112819D1C323A2B003E8563 /* Assets.xcassets */; };
		211281A11C323A2B003E8563 /* LaunchScreen.storyboard in Resources */ = {isa = PBXBuildFile; fileRef = 2112819F1C323A2B003E8563 /* LaunchScreen.storyboard */; };
/* End PBXBuildFile section */

/* Begin PBXFileReference section */
		2112818E1C323A2B003E8563 /* GradientDonut.app */ = {isa = PBXFileReference; explicitFileType = wrapper.application; includeInIndex = 0; path = GradientDonut.app; sourceTree = BUILT_PRODUCTS_DIR; };
		211281921C323A2B003E8563 /* main.m */ = {isa = PBXFileReference; lastKnownFileType = sourcecode.c.objc; path = main.m; sourceTree = "<group>"; };
		211281941C323A2B003E8563 /* AppDelegate.h */ = {isa = PBXFileReference; lastKnownFileType = sourcecode.c.h; path = AppDelegate.h; sourceTree = "<group>"; };
		211281951C323A2B003E8563 /* AppDelegate.m */ = {isa = PBXFileReference; lastKnownFileType = sourcecode.c.objc; path = AppDelegate.m; sourceTree = "<group>"; };
		211281971C323A2B003E8563 /* ViewController.h */ = {isa = PBXFileReference; lastKnownFileType = sourcecode.c.h; path = ViewController.h; sourceTree = "<group>"; };
		211281981C323A2B003E8563 /* ViewController.m */ = {isa = PBXFileReference; lastKnownFileType = sourcecode.c.objc; path = ViewController.m; sourceTree = "<group>"; };
		2112819B1C323A2B003E8563 /* Base */ = {isa = PBXFileReference; lastKnownFileType = file.storyboard; name = Base; path = Base.lproj/Main.storyboard; sourceTree = "<group>"; };
		2112819D1C323A2B003E8563 /* Assets.xcassets */ = {isa = PBXFileReference; lastKnownFileType = folder.assetcatalog; path = Assets.xcassets; sourceTree = "<group>"; };
		211281A01C323A2B003E8563 /* Base */ = {isa = PBXFileReference; lastKnownFileType = file.storyboard; name = Base; path = Base.lproj/LaunchScreen.storyboard; sourceTree = "<group>"; };
		211281A21C323A2B003E8563 /* Info.plist */ = {isa = PBXFileReference; lastKnownFileType = text.plist.xml; path = Info.plist; sourceTree = "<group>"; };
/* End PBXFileReference section */

/* Begin PBXFrameworksBuildPhase section */
		2112818B1C323A2B003E8563 /* Frameworks */ = {
			isa = PBXFrameworksBuildPhase;
			buildActionMask = 2147483647;
			files = (
			);
			runOnlyForDeploymentPostprocessing = 0;
		};
/* End PBXFrameworksBuildPhase section */

/* Begin PBXGroup section */
		211281851C323A2B003E8563 = {
			isa = PBXGroup;
			children = (
				211281901C323A2B003E8563 /* GradientDonut */,
				2112818F1C323A2B003E8563 /* Products */,
			);
			sourceTree = "<group>";
		};
		2112818F1C323A2B003E8563 /* Products */ = {
			isa = PBXGroup;
			children = (
				2112818E1C323A2B003E8563 /* GradientDonut.app */,
			);
			name = Products;
			sourceTree = "<group>";
		};
		211281901C323A2B003E8563 /* GradientDonut */ = {
			isa = PBXGroup;
			children = (
				211281941C323A2B003E8563 /* AppDelegate.h */,
				211281951C323A2B003E8563 /* AppDelegate.m */,
				211281971C323A2B003E8563 /* ViewController.h */,
				211281981C323A2B003E8563 /* ViewController.m */,
				2112819A1C323A2B003E8563 /* Main.storyboard */,
				2112819D1C323A2B003E8563 /* Assets.xcassets */,
				2112819F1C323A2B003E8563 /* LaunchScreen.storyboard */,
				211281A21C323A2B003E8563 /* Info.plist */,
				211281911C323A2B003E8563 /* Supporting Files */,
			);
			path = GradientDonut;
			sourceTree = "<group>";
		};
		211281911C323A2B003E8563 /* Supporting Files */ = {
			isa = PBXGroup;
			children = (
				211281921C323A2B003E8563 /* main.m */,
			);
			name = "Supporting Files";
			sourceTree = "<group>";
		};
/* End PBXGroup section */

/* Begin PBXNativeTarget section */
		2112818D1C323A2B003E8563 /* GradientDonut */ = {
			isa = PBXNativeTarget;
			buildConfigurationList = 211281A51C323A2B003E8563 /* Build configuration list for PBXNativeTarget "GradientDonut" */;
			buildPhases = (
				2112818A1C323A2B003E8563 /* Sources */,
				2112818B1C323A2B003E8563 /* Frameworks */,
				2112818C1C323A2B003E8563 /* Resources */,
			);
			buildRules = (
			);
			dependencies = (
			);
			name = GradientDonut;
			productName = GradientDonut;
			productReference = 2112818E1C323A2B003E8563 /* GradientDonut.app */;
			productType = "com.apple.product-type.application";
		};
/* End PBXNativeTarget section */

/* Begin PBXProject section */
		211281861C323A2B003E8563 /* Project object */ = {
			isa = PBXProject;
			attributes = {
				LastUpgradeCheck = 0720;
				ORGANIZATIONNAME = yoever;
				TargetAttributes = {
					2112818D1C323A2B003E8563 = {
						CreatedOnToolsVersion = 7.2;
					};
				};
			};
			buildConfigurationList = 211281891C323A2B003E8563 /* Build configuration list for PBXProject "GradientDonut" */;
			compatibilityVersion = "Xcode 3.2";
			developmentRegion = English;
			hasScannedForEncodings = 0;
			knownRegions = (
				en,
				Base,
			);
			mainGroup = 211281851C323A2B003E8563;
			productRefGroup = 2112818F1C323A2B003E8563 /* Products */;
			projectDirPath = "";
			projectRoot = "";
			targets = (
				2112818D1C323A2B003E8563 /* GradientDonut */,
			);
		};
/* End PBXProject section */

/* Begin PBXResourcesBuildPhase section */
		2112818C1C323A2B003E8563 /* Resources */ = {
			isa = PBXResourcesBuildPhase;
			buildActionMask = 2147483647;
			files = (
				211281A11C323A2B003E8563 /* LaunchScreen.storyboard in Resources */,
				2112819E1C323A2B003E8563 /* Assets.xcassets in Resources */,
				2112819C1C323A2B003E8563 /* Main.storyboard in Resources */,
			);
			runOnlyForDeploymentPostprocessing = 0;
		};
/* End PBXResourcesBuildPhase section */

/* Begin PBXSourcesBuildPhase section */
		2112818A1C323A2B003E8563 /* Sources */ = {
			isa = PBXSourcesBuildPhase;
			buildActionMask = 2147483647;
			files = (
				211281991C323A2B003E8563 /* ViewController.m in Sources */,
				211281961C323A2B003E8563 /* AppDelegate.m in Sources */,
				211281931C323A2B003E8563 /* main.m in Sources */,
			);
			runOnlyForDeploymentPostprocessing = 0;
		};
/* End PBXSourcesBuildPhase section */

/* Begin PBXVariantGroup section */
		2112819A1C323A2B003E8563 /* Main.storyboard */ = {
			isa = PBXVariantGroup;
			children = (
				2112819B1C323A2B003E8563 /* Base */,
			);
			name = Main.storyboard;
			sourceTree = "<group>";
		};
		2112819F1C323A2B003E8563 /* LaunchScreen.storyboard */ = {
			isa = PBXVariantGroup;
			children = (
				211281A01C323A2B003E8563 /* Base */,
			);
			name = LaunchScreen.storyboard;
			sourceTree = "<group>";
		};
/* End PBXVariantGroup section */

/* Begin XCBuildConfiguration section */
		211281A31C323A2B003E8563 /* Debug */ = {
			isa = XCBuildConfiguration;
			buildSettings = {
				ALWAYS_SEARCH_USER_PATHS = NO;
				CLANG_CXX_LANGUAGE_STANDARD = "gnu++0x";
				CLANG_CXX_LIBRARY = "libc++";
				CLANG_ENABLE_MODULES = YES;
				CLANG_ENABLE_OBJC_ARC = YES;
				CLANG_WARN_BOOL_CONVERSION = YES;
				CLANG_WARN_CONSTANT_CONVERSION = YES;
				CLANG_WARN_DIRECT_OBJC_ISA_USAGE = YES_ERROR;
				CLANG_WARN_EMPTY_BODY = YES;
				CLANG_WARN_ENUM_CONVERSION = YES;
				CLANG_WARN_INT_CONVERSION = YES;
				CLANG_WARN_OBJC_ROOT_CLASS = YES_ERROR;
				CLANG_WARN_UNREACHABLE_CODE = YES;
				CLANG_WARN__DUPLICATE_METHOD_MATCH = YES;
				"CODE_SIGN_IDENTITY[sdk=iphoneos*]" = "iPhone Developer";
				COPY_PHASE_STRIP = NO;
				DEBUG_INFORMATION_FORMAT = dwarf;
				ENABLE_STRICT_OBJC_MSGSEND = YES;
				ENABLE_TESTABILITY = YES;
				GCC_C_LANGUAGE_STANDARD = gnu99;
				GCC_DYNAMIC_NO_PIC = NO;
				GCC_NO_COMMON_BLOCKS = YES;
				GCC_OPTIMIZATION_LEVEL = 0;
				GCC_PREPROCESSOR_DEFINITIONS = (
					"DEBUG=1",
					"$(inherited)",
				);
				GCC_WARN_64_TO_32_BIT_CONVERSION = YES;
				GCC_WARN_ABOUT_RETURN_TYPE = YES_ERROR;
				GCC_WARN_UNDECLARED_SELECTOR = YES;
				GCC_WARN_UNINITIALIZED_AUTOS = YES_AGGRESSIVE;
				GCC_WARN_UNUSED_FUNCTION = YES;
				GCC_WARN_UNUSED_VARIABLE = YES;
				IPHONEOS_DEPLOYMENT_TARGET = 9.2;
				MTL_ENABLE_DEBUG_INFO = YES;
				ONLY_ACTIVE_ARCH = YES;
				SDKROOT = iphoneos;
			};
			name = Debug;
		};
		211281A41C323A2B003E8563 /* Release */ = {
			isa = XCBuildConfiguration;
			buildSettings = {
				ALWAYS_SEARCH_USER_PATHS = NO;
				CLANG_CXX_LANGUAGE_STANDARD = "gnu++0x";
				CLANG_CXX_LIBRARY = "libc++";
				CLANG_ENABLE_MODULES = YES;
				CLANG_ENABLE_OBJC_ARC = YES;
				CLANG_WARN_BOOL_CONVERSION = YES;
				CLANG_WARN_CONSTANT_CONVERSION = YES;
				CLANG_WARN_DIRECT_OBJC_ISA_USAGE = YES_ERROR;
				CLANG_WARN_EMPTY_BODY = YES;
				CLANG_WARN_ENUM_CONVERSION = YES;
				CLANG_WARN_INT_CONVERSION = YES;
				CLANG_WARN_OBJC_ROOT_CLASS = YES_ERROR;
				CLANG_WARN_UNREACHABLE_CODE = YES;
				CLANG_WARN__DUPLICATE_METHOD_MATCH = YES;
				"CODE_SIGN_IDENTITY[sdk=iphoneos*]" = "iPhone Developer";
				COPY_PHASE_STRIP = NO;
				DEBUG_INFORMATION_FORMAT = "dwarf-with-dsym";
				ENABLE_NS_ASSERTIONS = NO;
				ENABLE_STRICT_OBJC_MSGSEND = YES;
				GCC_C_LANGUAGE_STANDARD = gnu99;
				GCC_NO_COMMON_BLOCKS = YES;
				GCC_WARN_64_TO_32_BIT_CONVERSION = YES;
				GCC_WARN_ABOUT_RETURN_TYPE = YES_ERROR;
				GCC_WARN_UNDECLARED_SELECTOR = YES;
				GCC_WARN_UNINITIALIZED_AUTOS = YES_AGGRESSIVE;
				GCC_WARN_UNUSED_FUNCTION = YES;
				GCC_WARN_UNUSED_VARIABLE = YES;
				IPHONEOS_DEPLOYMENT_TARGET = 9.2;
				MTL_ENABLE_DEBUG_INFO = NO;
				SDKROOT = iphoneos;
				VALIDATE_PRODUCT = YES;
			};
			name = Release;
		};
		211281A61C323A2B003E8563 /* Debug */ = {
			isa = XCBuildConfiguration;
			buildSettings = {
				ASSETCATALOG_COMPILER_APPICON_NAME = AppIcon;
				INFOPLIST_FILE = GradientDonut/Info.plist;
				LD_RUNPATH_SEARCH_PATHS = "$(inherited) @executable_path/Frameworks";
				PRODUCT_BUNDLE_IDENTIFIER = com.yoever.GradientDonut;
				PRODUCT_NAME = "$(TARGET_NAME)";
			};
			name = Debug;
		};
		211281A71C323A2B003E8563 /* Release */ = {
			isa = XCBuildConfiguration;
			buildSettings = {
				ASSETCATALOG_COMPILER_APPICON_NAME = AppIcon;
				INFOPLIST_FILE = GradientDonut/Info.plist;
				LD_RUNPATH_SEARCH_PATHS = "$(inherited) @executable_path/Frameworks";
				PRODUCT_BUNDLE_IDENTIFIER = com.yoever.GradientDonut;
				PRODUCT_NAME = "$(TARGET_NAME)";
			};
			name = Release;
		};
/* End XCBuildConfiguration section */

/* Begin XCConfigurationList section */
		211281891C323A2B003E8563 /* Build configuration list for PBXProject "GradientDonut" */ = {
			isa = XCConfigurationList;
			buildConfigurations = (
				211281A31C323A2B003E8563 /* Debug */,
				211281A41C323A2B003E8563 /* Release */,
			);
			defaultConfigurationIsVisible = 0;
			defaultConfigurationName = Release;
		};
		211281A51C323A2B003E8563 /* Build configuration list for PBXNativeTarget "GradientDonut" */ = {
			isa = XCConfigurationList;
			buildConfigurations = (
				211281A61C323A2B003E8563 /* Debug */,
				211281A71C323A2B003E8563 /* Release */,
			);
			defaultConfigurationIsVisible = 0;
		};
/* End XCConfigurationList section */
	};
	rootObject = 211281861C323A2B003E8563 /* Project object */;
}
